{
  "name": "4.1.1_introanodejs",
  "version": "1.0.0",
  "lockfileVersion": 3,
  "requires": true,
  "packages": {
    "": {
      "name": "4.1.1_introanodejs",
      "version": "1.0.0",
      "license": "ISC",
      "dependencies": {
        "convert-number-to-words": "^1.0.3"
      }
    },
    "node_modules/convert-number-to-words": {
      "version": "1.0.3",
      "resolved": "https://registry.npmjs.org/convert-number-to-words/-/convert-number-to-words-1.0.3.tgz",
      "integrity": "sha512-ukBL0bd2fQWC9FuSQ87elVNhmGGR9UMs0aryIeiHDRxD1SiK7/gDT5S8KdDn2Yy1rTNdFCLvPNvfDHD6fzw4cg==",
      "license": "MIT"
    }
  }
}
